
Microsoft Visual Studio Solution File, Format Version 12.00
# Visual Studio Version 17
VisualStudioVersion = 17.8.34525.116
MinimumVisualStudioVersion = 10.0.40219.1
Project("{9A19103F-16F7-4668-BE54-9A1E7A4F7556}") = "Watermelon", "Watermelon\Watermelon.csproj", "{4981CDFA-DC6D-4B40-B1C2-42D7456DEC0F}"
EndProject
Project("{9A19103F-16F7-4668-BE54-9A1E7A4F7556}") = "WayTooLongWords", "WayTooLongWords\WayTooLongWords.csproj", "{6AAD6F76-B3F9-42C0-94F1-9A806422D99A}"
EndProject
Project("{FAE04EC0-301F-11D3-BF4B-00C04F79EFBC}") = "Team", "Team\Team.csproj", "{B22ACB5E-7AE5-41DB-9FD8-4A72B4A2F603}"
EndProject
Project("{FAE04EC0-301F-11D3-BF4B-00C04F79EFBC}") = "NextRound", "NextRound\NextRound.csproj", "{1416561F-B0B2-41F1-90B6-F84699974EF9}"
EndProject
Project("{FAE04EC0-301F-11D3-BF4B-00C04F79EFBC}") = "BitPlusPlus", "BitPlusPlus\BitPlusPlus.csproj", "{350FD9ED-7E10-4301-9BEE-DC69A186D09C}"
EndProject
Project("{FAE04EC0-301F-11D3-BF4B-00C04F79EFBC}") = "DominoPiling", "DominoPiling\DominoPiling.csproj", "{93C870D9-DD31-45C7-A648-7F5C01629517}"
EndProject
Project("{FAE04EC0-301F-11D3-BF4B-00C04F79EFBC}") = "BeautifulMatrix", "BeautifulMatrix\BeautifulMatrix.csproj", "{084894A3-F633-4040-8E18-FFA1C21E7021}"
EndProject
Project("{FAE04EC0-301F-11D3-BF4B-00C04F79EFBC}") = "PetyaAndStrings", "PetyaAndStrings\PetyaAndStrings.csproj", "{9F793823-D895-4956-9D29-0617B7F7ED58}"
EndProject
Project("{FAE04EC0-301F-11D3-BF4B-00C04F79EFBC}") = "HelpfulMaths", "HelpfulMaths\HelpfulMaths.csproj", "{0836B0AA-AD5C-4A89-BC28-9B89FE34DD06}"
EndProject
Project("{FAE04EC0-301F-11D3-BF4B-00C04F79EFBC}") = "WordCapitalization", "WordCapitalization\WordCapitalization.csproj", "{138E6411-FABD-4A6F-9EA2-BABD890DD7B2}"
EndProject
Global
	GlobalSection(SolutionConfigurationPlatforms) = preSolution
		Debug|Any CPU = Debug|Any CPU
		Release|Any CPU = Release|Any CPU
	EndGlobalSection
	GlobalSection(ProjectConfigurationPlatforms) = postSolution
		{4981CDFA-DC6D-4B40-B1C2-42D7456DEC0F}.Debug|Any CPU.ActiveCfg = Debug|Any CPU
		{4981CDFA-DC6D-4B40-B1C2-42D7456DEC0F}.Debug|Any CPU.Build.0 = Debug|Any CPU
		{4981CDFA-DC6D-4B40-B1C2-42D7456DEC0F}.Release|Any CPU.ActiveCfg = Release|Any CPU
		{4981CDFA-DC6D-4B40-B1C2-42D7456DEC0F}.Release|Any CPU.Build.0 = Release|Any CPU
		{6AAD6F76-B3F9-42C0-94F1-9A806422D99A}.Debug|Any CPU.ActiveCfg = Debug|Any CPU
		{6AAD6F76-B3F9-42C0-94F1-9A806422D99A}.Debug|Any CPU.Build.0 = Debug|Any CPU
		{6AAD6F76-B3F9-42C0-94F1-9A806422D99A}.Release|Any CPU.ActiveCfg = Release|Any CPU
		{6AAD6F76-B3F9-42C0-94F1-9A806422D99A}.Release|Any CPU.Build.0 = Release|Any CPU
		{B22ACB5E-7AE5-41DB-9FD8-4A72B4A2F603}.Debug|Any CPU.ActiveCfg = Debug|Any CPU
		{B22ACB5E-7AE5-41DB-9FD8-4A72B4A2F603}.Debug|Any CPU.Build.0 = Debug|Any CPU
		{B22ACB5E-7AE5-41DB-9FD8-4A72B4A2F603}.Release|Any CPU.ActiveCfg = Release|Any CPU
		{B22ACB5E-7AE5-41DB-9FD8-4A72B4A2F603}.Release|Any CPU.Build.0 = Release|Any CPU
		{1416561F-B0B2-41F1-90B6-F84699974EF9}.Debug|Any CPU.ActiveCfg = Debug|Any CPU
		{1416561F-B0B2-41F1-90B6-F84699974EF9}.Debug|Any CPU.Build.0 = Debug|Any CPU
		{1416561F-B0B2-41F1-90B6-F84699974EF9}.Release|Any CPU.ActiveCfg = Release|Any CPU
		{1416561F-B0B2-41F1-90B6-F84699974EF9}.Release|Any CPU.Build.0 = Release|Any CPU
		{350FD9ED-7E10-4301-9BEE-DC69A186D09C}.Debug|Any CPU.ActiveCfg = Debug|Any CPU
		{350FD9ED-7E10-4301-9BEE-DC69A186D09C}.Debug|Any CPU.Build.0 = Debug|Any CPU
		{350FD9ED-7E10-4301-9BEE-DC69A186D09C}.Release|Any CPU.ActiveCfg = Release|Any CPU
		{350FD9ED-7E10-4301-9BEE-DC69A186D09C}.Release|Any CPU.Build.0 = Release|Any CPU
		{93C870D9-DD31-45C7-A648-7F5C01629517}.Debug|Any CPU.ActiveCfg = Debug|Any CPU
		{93C870D9-DD31-45C7-A648-7F5C01629517}.Debug|Any CPU.Build.0 = Debug|Any CPU
		{93C870D9-DD31-45C7-A648-7F5C01629517}.Release|Any CPU.ActiveCfg = Release|Any CPU
		{93C870D9-DD31-45C7-A648-7F5C01629517}.Release|Any CPU.Build.0 = Release|Any CPU
		{084894A3-F633-4040-8E18-FFA1C21E7021}.Debug|Any CPU.ActiveCfg = Debug|Any CPU
		{084894A3-F633-4040-8E18-FFA1C21E7021}.Debug|Any CPU.Build.0 = Debug|Any CPU
		{084894A3-F633-4040-8E18-FFA1C21E7021}.Release|Any CPU.ActiveCfg = Release|Any CPU
		{084894A3-F633-4040-8E18-FFA1C21E7021}.Release|Any CPU.Build.0 = Release|Any CPU
		{9F793823-D895-4956-9D29-0617B7F7ED58}.Debug|Any CPU.ActiveCfg = Debug|Any CPU
		{9F793823-D895-4956-9D29-0617B7F7ED58}.Debug|Any CPU.Build.0 = Debug|Any CPU
		{9F793823-D895-4956-9D29-0617B7F7ED58}.Release|Any CPU.ActiveCfg = Release|Any CPU
		{9F793823-D895-4956-9D29-0617B7F7ED58}.Release|Any CPU.Build.0 = Release|Any CPU
		{0836B0AA-AD5C-4A89-BC28-9B89FE34DD06}.Debug|Any CPU.ActiveCfg = Debug|Any CPU
		{0836B0AA-AD5C-4A89-BC28-9B89FE34DD06}.Debug|Any CPU.Build.0 = Debug|Any CPU
		{0836B0AA-AD5C-4A89-BC28-9B89FE34DD06}.Release|Any CPU.ActiveCfg = Release|Any CPU
		{0836B0AA-AD5C-4A89-BC28-9B89FE34DD06}.Release|Any CPU.Build.0 = Release|Any CPU
		{138E6411-FABD-4A6F-9EA2-BABD890DD7B2}.Debug|Any CPU.ActiveCfg = Debug|Any CPU
		{138E6411-FABD-4A6F-9EA2-BABD890DD7B2}.Debug|Any CPU.Build.0 = Debug|Any CPU
		{138E6411-FABD-4A6F-9EA2-BABD890DD7B2}.Release|Any CPU.ActiveCfg = Release|Any CPU
		{138E6411-FABD-4A6F-9EA2-BABD890DD7B2}.Release|Any CPU.Build.0 = Release|Any CPU
	EndGlobalSection
	GlobalSection(SolutionProperties) = preSolution
		HideSolutionNode = FALSE
	EndGlobalSection
	GlobalSection(ExtensibilityGlobals) = postSolution
		SolutionGuid = {68B8436A-C974-41BD-85DB-30E72DE32425}
	EndGlobalSection
EndGlobal
