
Microsoft Visual Studio Solution File, Format Version 12.00
# Visual Studio Version 17
VisualStudioVersion = 17.8.34525.116
MinimumVisualStudioVersion = 10.0.40219.1
Project("{FAE04EC0-301F-11D3-BF4B-00C04F79EFBC}") = "Watermelon", "Watermelon\Watermelon.csproj", "{4981CDFA-DC6D-4B40-B1C2-42D7456DEC0F}"
EndProject
Project("{FAE04EC0-301F-11D3-BF4B-00C04F79EFBC}") = "WayTooLongWords", "WayTooLongWords\WayTooLongWords.csproj", "{6AAD6F76-B3F9-42C0-94F1-9A806422D99A}"
EndProject
Global
	GlobalSection(SolutionConfigurationPlatforms) = preSolution
		Debug|Any CPU = Debug|Any CPU
		Release|Any CPU = Release|Any CPU
	EndGlobalSection
	GlobalSection(ProjectConfigurationPlatforms) = postSolution
		{4981CDFA-DC6D-4B40-B1C2-42D7456DEC0F}.Debug|Any CPU.ActiveCfg = Debug|Any CPU
		{4981CDFA-DC6D-4B40-B1C2-42D7456DEC0F}.Debug|Any CPU.Build.0 = Debug|Any CPU
		{4981CDFA-DC6D-4B40-B1C2-42D7456DEC0F}.Release|Any CPU.ActiveCfg = Release|Any CPU
		{4981CDFA-DC6D-4B40-B1C2-42D7456DEC0F}.Release|Any CPU.Build.0 = Release|Any CPU
		{6AAD6F76-B3F9-42C0-94F1-9A806422D99A}.Debug|Any CPU.ActiveCfg = Debug|Any CPU
		{6AAD6F76-B3F9-42C0-94F1-9A806422D99A}.Debug|Any CPU.Build.0 = Debug|Any CPU
		{6AAD6F76-B3F9-42C0-94F1-9A806422D99A}.Release|Any CPU.ActiveCfg = Release|Any CPU
		{6AAD6F76-B3F9-42C0-94F1-9A806422D99A}.Release|Any CPU.Build.0 = Release|Any CPU
	EndGlobalSection
	GlobalSection(SolutionProperties) = preSolution
		HideSolutionNode = FALSE
	EndGlobalSection
	GlobalSection(ExtensibilityGlobals) = postSolution
		SolutionGuid = {68B8436A-C974-41BD-85DB-30E72DE32425}
	EndGlobalSection
EndGlobal
