
Microsoft Visual Studio Solution File, Format Version 12.00
# Visual Studio Version 17
VisualStudioVersion = 17.8.34525.116
MinimumVisualStudioVersion = 10.0.40219.1
Project("{9A19103F-16F7-4668-BE54-9A1E7A4F7556}") = "Watermelon", "Watermelon\Watermelon.csproj", "{4981CDFA-DC6D-4B40-B1C2-42D7456DEC0F}"
EndProject
Project("{9A19103F-16F7-4668-BE54-9A1E7A4F7556}") = "WayTooLongWords", "WayTooLongWords\WayTooLongWords.csproj", "{6AAD6F76-B3F9-42C0-94F1-9A806422D99A}"
EndProject
Project("{9A19103F-16F7-4668-BE54-9A1E7A4F7556}") = "Team", "Team\Team.csproj", "{B22ACB5E-7AE5-41DB-9FD8-4A72B4A2F603}"
EndProject
Project("{9A19103F-16F7-4668-BE54-9A1E7A4F7556}") = "NextRound", "NextRound\NextRound.csproj", "{1416561F-B0B2-41F1-90B6-F84699974EF9}"
EndProject
Project("{9A19103F-16F7-4668-BE54-9A1E7A4F7556}") = "BitPlusPlus", "BitPlusPlus\BitPlusPlus.csproj", "{350FD9ED-7E10-4301-9BEE-DC69A186D09C}"
EndProject
Project("{9A19103F-16F7-4668-BE54-9A1E7A4F7556}") = "DominoPiling", "DominoPiling\DominoPiling.csproj", "{93C870D9-DD31-45C7-A648-7F5C01629517}"
EndProject
Project("{9A19103F-16F7-4668-BE54-9A1E7A4F7556}") = "BeautifulMatrix", "BeautifulMatrix\BeautifulMatrix.csproj", "{084894A3-F633-4040-8E18-FFA1C21E7021}"
EndProject
Project("{9A19103F-16F7-4668-BE54-9A1E7A4F7556}") = "PetyaAndStrings", "PetyaAndStrings\PetyaAndStrings.csproj", "{9F793823-D895-4956-9D29-0617B7F7ED58}"
EndProject
Project("{9A19103F-16F7-4668-BE54-9A1E7A4F7556}") = "HelpfulMaths", "HelpfulMaths\HelpfulMaths.csproj", "{0836B0AA-AD5C-4A89-BC28-9B89FE34DD06}"
EndProject
Project("{9A19103F-16F7-4668-BE54-9A1E7A4F7556}") = "WordCapitalization", "WordCapitalization\WordCapitalization.csproj", "{138E6411-FABD-4A6F-9EA2-BABD890DD7B2}"
EndProject
Project("{9A19103F-16F7-4668-BE54-9A1E7A4F7556}") = "BoyOrGirl", "BoyOrGirl\BoyOrGirl.csproj", "{F0D3F263-68A2-44DC-9C28-C96827C6CDBB}"
EndProject
Project("{9A19103F-16F7-4668-BE54-9A1E7A4F7556}") = "StonesOnTheTable", "StonesOnTheTable\StonesOnTheTable.csproj", "{08646AE6-0A75-4969-859B-6BABBB108040}"
EndProject
Project("{9A19103F-16F7-4668-BE54-9A1E7A4F7556}") = "BearAndBigBrother", "BearAndBigBrother\BearAndBigBrother.csproj", "{BC5A68BB-FEA8-4C4C-B237-19A4CF9C74CD}"
EndProject
Project("{9A19103F-16F7-4668-BE54-9A1E7A4F7556}") = "Elephant", "Elephant\Elephant.csproj", "{912274E6-783C-4CBD-8BE3-81C7C6FDF180}"
EndProject
Project("{9A19103F-16F7-4668-BE54-9A1E7A4F7556}") = "SoldierAndBananas", "SoldierAndBananas\SoldierAndBananas.csproj", "{5CC3E42F-8851-4588-B2E5-1E28AA510927}"
EndProject
Project("{9A19103F-16F7-4668-BE54-9A1E7A4F7556}") = "Word", "Word\Word.csproj", "{4FE1471B-F4E6-407C-9ADE-4BED4392EE44}"
EndProject
Project("{9A19103F-16F7-4668-BE54-9A1E7A4F7556}") = "WrongSubtraction", "WrongSubtraction\WrongSubtraction.csproj", "{A595C92C-6A0A-4FA6-8CD4-F0B124221F74}"
EndProject
Project("{9A19103F-16F7-4668-BE54-9A1E7A4F7556}") = "NearlyLuckyNumber", "NearlyLuckyNumber\NearlyLuckyNumber.csproj", "{A35CF344-B30A-4544-8250-ACB602A4236E}"
EndProject
Project("{9A19103F-16F7-4668-BE54-9A1E7A4F7556}") = "AntonAndDanik", "AntonAndDanik\AntonAndDanik.csproj", "{7C1A8341-42E1-43A7-B6C9-B92371ED01B6}"
EndProject
Project("{9A19103F-16F7-4668-BE54-9A1E7A4F7556}") = "Translation", "Translation\Translation.csproj", "{3D87A8B3-DC80-4B4E-947B-6694EDB0CCA9}"
EndProject
Project("{9A19103F-16F7-4668-BE54-9A1E7A4F7556}") = "Tram", "Tram\Tram.csproj", "{2C13E7F4-03BA-425F-ABF7-1D6158112544}"
EndProject
Project("{9A19103F-16F7-4668-BE54-9A1E7A4F7556}") = "VanyaAndFence", "VanyaAndFence\VanyaAndFence.csproj", "{AE30A1F8-D0C9-4E4B-BF99-560EABB4872D}"
EndProject
Project("{9A19103F-16F7-4668-BE54-9A1E7A4F7556}") = "QueueAtTheSchool", "QueueAtTheSchool\QueueAtTheSchool.csproj", "{47061E8B-0D3F-45EC-8A8F-767476E89E78}"
EndProject
Project("{9A19103F-16F7-4668-BE54-9A1E7A4F7556}") = "BeautifulYear", "BeautifulYear\BeautifulYear.csproj", "{D759E57E-30AF-4A51-9EE2-EB22D1C1894C}"
EndProject
Project("{9A19103F-16F7-4668-BE54-9A1E7A4F7556}") = "InSearchOfAnEasyProblem", "InSearchOfAnEasyProblem\InSearchOfAnEasyProblem.csproj", "{83B0350B-FDA1-4E4D-B9BF-7DC9A99478B4}"
EndProject
Project("{9A19103F-16F7-4668-BE54-9A1E7A4F7556}") = "GeorgeAndAccommodation", "GeorgeAndAccommodation\GeorgeAndAccommodation.csproj", "{94A1450E-4BAD-41A7-8621-8130002CCF2E}"
EndProject
Project("{9A19103F-16F7-4668-BE54-9A1E7A4F7556}") = "Magnets", "Magnets\Magnets.csproj", "{BEA33C4E-98FF-417F-920B-CAC0F0505334}"
EndProject
Project("{9A19103F-16F7-4668-BE54-9A1E7A4F7556}") = "Presents", "Presents\Presents.csproj", "{B17EE1F1-C6E1-44AE-A610-7ADA5698BC6A}"
EndProject
Project("{9A19103F-16F7-4668-BE54-9A1E7A4F7556}") = "CalculatingFunction", "CalculatingFunction\CalculatingFunction.csproj", "{1AF45F91-1DED-4B14-9A57-61051ABD6888}"
EndProject
Project("{9A19103F-16F7-4668-BE54-9A1E7A4F7556}") = "Drinks", "Drinks\Drinks.csproj", "{B0AD0A00-6520-4179-B4F5-32442EC9025D}"
EndProject
Project("{9A19103F-16F7-4668-BE54-9A1E7A4F7556}") = "Ultra-FastMathematician", "Ultra-FastMathematician\Ultra-FastMathematician.csproj", "{1E7CB9D5-ACBC-48E5-B6C2-2C60B8393896}"
EndProject
Project("{9A19103F-16F7-4668-BE54-9A1E7A4F7556}") = "IsYourHorseshoeOnTheOtherHoof", "IsYourHorseshoeOnTheOtherHoof\IsYourHorseshoeOnTheOtherHoof.csproj", "{ED403CFB-8FB8-4D34-A20E-B7F45D0B8FED}"
EndProject
Project("{9A19103F-16F7-4668-BE54-9A1E7A4F7556}") = "Hulk", "Hulk\Hulk.csproj", "{0DAE2E3E-7055-4040-A411-5FE76964550C}"
EndProject
Project("{9A19103F-16F7-4668-BE54-9A1E7A4F7556}") = "DivisibilityProblem", "DivisibilityProblem\DivisibilityProblem.csproj", "{11744FCF-EE49-4443-BAFF-EADE29BFE6BD}"
EndProject
Project("{9A19103F-16F7-4668-BE54-9A1E7A4F7556}") = "IWannaBeTheGuy", "IWannaBeTheGuy\IWannaBeTheGuy.csproj", "{7EF84D8D-272C-489E-B667-C120C180BCFD}"
EndProject
Project("{9A19103F-16F7-4668-BE54-9A1E7A4F7556}") = "ArrivalOfTheGeneral", "ArrivalOfTheGeneral\ArrivalOfTheGeneral.csproj", "{9B311099-32E6-4117-831D-5E6CA056F702}"
EndProject
Project("{9A19103F-16F7-4668-BE54-9A1E7A4F7556}") = "Pangram", "Pangram\Pangram.csproj", "{1DE5E05B-4EA3-4A4B-AB86-C222721B3008}"
EndProject
Project("{9A19103F-16F7-4668-BE54-9A1E7A4F7556}") = "InsomniaCure", "InsomniaCure\InsomniaCure.csproj", "{735CDF68-1CDC-40D6-9C4B-4D88917696D3}"
EndProject
Project("{9A19103F-16F7-4668-BE54-9A1E7A4F7556}") = "AntonAndLetters", "AntonAndLetters\AntonAndLetters.csproj", "{CFB37590-60A0-4DD5-BE62-07E0F78D6116}"
EndProject
Project("{9A19103F-16F7-4668-BE54-9A1E7A4F7556}") = "HitTheLottery", "HitTheLottery\HitTheLottery.csproj", "{F7953726-8B26-4B9E-A9D0-14C9FAAFE502}"
EndProject
Project("{9A19103F-16F7-4668-BE54-9A1E7A4F7556}") = "AntonAndPolyhedrons", "AntonAndPolyhedrons\AntonAndPolyhedrons.csproj", "{C3E020A1-15B5-4C1A-ACA0-A7235A08A664}"
EndProject
Project("{9A19103F-16F7-4668-BE54-9A1E7A4F7556}") = "Games", "Games\Games.csproj", "{E2DA7078-5765-4D38-ABE5-73116786251A}"
EndProject
Project("{9A19103F-16F7-4668-BE54-9A1E7A4F7556}") = "CandiesAndTwoSisters", "CandiesAndTwoSisters\CandiesAndTwoSisters.csproj", "{D9C10E7C-4656-4AF1-BD72-A3E5339C89FF}"
EndProject
Project("{9A19103F-16F7-4668-BE54-9A1E7A4F7556}") = "AmusingJoke", "AmusingJoke\AmusingJoke.csproj", "{EA3E3A1F-6152-4510-AD7D-02A210028754}"
EndProject
Project("{9A19103F-16F7-4668-BE54-9A1E7A4F7556}") = "FoxAndSnake", "FoxAndSnake\FoxAndSnake.csproj", "{C5100019-351D-4301-ADB0-FBD98553FAC1}"
EndProject
Project("{9A19103F-16F7-4668-BE54-9A1E7A4F7556}") = "PoliceRecruits", "PoliceRecruits\PoliceRecruits.csproj", "{45E33A9D-610F-45AC-A243-B882376B5303}"
EndProject
Project("{9A19103F-16F7-4668-BE54-9A1E7A4F7556}") = "IloveUsername", "IloveUsername\IloveUsername.csproj", "{6B2938D5-ED13-417E-B400-FA7BE49469D2}"
EndProject
Project("{9A19103F-16F7-4668-BE54-9A1E7A4F7556}") = "SumOfRoundNumbers", "SumOfRoundNumbers\SumOfRoundNumbers.csproj", "{B6611516-458B-4192-B302-C8EB2BF52933}"
EndProject
Project("{9A19103F-16F7-4668-BE54-9A1E7A4F7556}") = "NewYearAndHurry", "NewYearAndHurry\NewYearAndHurry.csproj", "{8609C1E0-0A32-41EF-8692-092E2D1E7B4B}"
EndProject
Project("{9A19103F-16F7-4668-BE54-9A1E7A4F7556}") = "TheNewYearMeetingFriends", "TheNewYearMeetingFriends\TheNewYearMeetingFriends.csproj", "{B4BBFE44-51E0-4916-A504-B486C90AB542}"
EndProject
Project("{9A19103F-16F7-4668-BE54-9A1E7A4F7556}") = "VasyaTheHipster", "VasyaTheHipster\VasyaTheHipster.csproj", "{3FA0FA42-A961-49DC-9B81-66B53909E634}"
EndProject
Project("{9A19103F-16F7-4668-BE54-9A1E7A4F7556}") = "BuyAShovel", "BuyAShovel\BuyAShovel.csproj", "{12F6BCDF-CF18-4879-88D3-45E701284263}"
EndProject
Project("{9A19103F-16F7-4668-BE54-9A1E7A4F7556}") = "RestoringThreeNumbers", "RestoringThreeNumbers\RestoringThreeNumbers.csproj", "{08DFB999-E0A1-4086-94A1-5003BC9FC1EA}"
EndProject
Project("{FAE04EC0-301F-11D3-BF4B-00C04F79EFBC}") = "SoftDrinking", "SoftDrinking\SoftDrinking.csproj", "{317FF3F9-AFB7-4C0E-9671-1BF654992648}"
EndProject
Project("{FAE04EC0-301F-11D3-BF4B-00C04F79EFBC}") = "RemoveSmallest", "RemoveSmallest\RemoveSmallest.csproj", "{0B484588-6695-423D-BE13-414C29FE675B}"
EndProject
Global
	GlobalSection(SolutionConfigurationPlatforms) = preSolution
		Debug|Any CPU = Debug|Any CPU
		Release|Any CPU = Release|Any CPU
	EndGlobalSection
	GlobalSection(ProjectConfigurationPlatforms) = postSolution
		{4981CDFA-DC6D-4B40-B1C2-42D7456DEC0F}.Debug|Any CPU.ActiveCfg = Debug|Any CPU
		{4981CDFA-DC6D-4B40-B1C2-42D7456DEC0F}.Debug|Any CPU.Build.0 = Debug|Any CPU
		{4981CDFA-DC6D-4B40-B1C2-42D7456DEC0F}.Release|Any CPU.ActiveCfg = Release|Any CPU
		{4981CDFA-DC6D-4B40-B1C2-42D7456DEC0F}.Release|Any CPU.Build.0 = Release|Any CPU
		{6AAD6F76-B3F9-42C0-94F1-9A806422D99A}.Debug|Any CPU.ActiveCfg = Debug|Any CPU
		{6AAD6F76-B3F9-42C0-94F1-9A806422D99A}.Debug|Any CPU.Build.0 = Debug|Any CPU
		{6AAD6F76-B3F9-42C0-94F1-9A806422D99A}.Release|Any CPU.ActiveCfg = Release|Any CPU
		{6AAD6F76-B3F9-42C0-94F1-9A806422D99A}.Release|Any CPU.Build.0 = Release|Any CPU
		{B22ACB5E-7AE5-41DB-9FD8-4A72B4A2F603}.Debug|Any CPU.ActiveCfg = Debug|Any CPU
		{B22ACB5E-7AE5-41DB-9FD8-4A72B4A2F603}.Debug|Any CPU.Build.0 = Debug|Any CPU
		{B22ACB5E-7AE5-41DB-9FD8-4A72B4A2F603}.Release|Any CPU.ActiveCfg = Release|Any CPU
		{B22ACB5E-7AE5-41DB-9FD8-4A72B4A2F603}.Release|Any CPU.Build.0 = Release|Any CPU
		{1416561F-B0B2-41F1-90B6-F84699974EF9}.Debug|Any CPU.ActiveCfg = Debug|Any CPU
		{1416561F-B0B2-41F1-90B6-F84699974EF9}.Debug|Any CPU.Build.0 = Debug|Any CPU
		{1416561F-B0B2-41F1-90B6-F84699974EF9}.Release|Any CPU.ActiveCfg = Release|Any CPU
		{1416561F-B0B2-41F1-90B6-F84699974EF9}.Release|Any CPU.Build.0 = Release|Any CPU
		{350FD9ED-7E10-4301-9BEE-DC69A186D09C}.Debug|Any CPU.ActiveCfg = Debug|Any CPU
		{350FD9ED-7E10-4301-9BEE-DC69A186D09C}.Debug|Any CPU.Build.0 = Debug|Any CPU
		{350FD9ED-7E10-4301-9BEE-DC69A186D09C}.Release|Any CPU.ActiveCfg = Release|Any CPU
		{350FD9ED-7E10-4301-9BEE-DC69A186D09C}.Release|Any CPU.Build.0 = Release|Any CPU
		{93C870D9-DD31-45C7-A648-7F5C01629517}.Debug|Any CPU.ActiveCfg = Debug|Any CPU
		{93C870D9-DD31-45C7-A648-7F5C01629517}.Debug|Any CPU.Build.0 = Debug|Any CPU
		{93C870D9-DD31-45C7-A648-7F5C01629517}.Release|Any CPU.ActiveCfg = Release|Any CPU
		{93C870D9-DD31-45C7-A648-7F5C01629517}.Release|Any CPU.Build.0 = Release|Any CPU
		{084894A3-F633-4040-8E18-FFA1C21E7021}.Debug|Any CPU.ActiveCfg = Debug|Any CPU
		{084894A3-F633-4040-8E18-FFA1C21E7021}.Debug|Any CPU.Build.0 = Debug|Any CPU
		{084894A3-F633-4040-8E18-FFA1C21E7021}.Release|Any CPU.ActiveCfg = Release|Any CPU
		{084894A3-F633-4040-8E18-FFA1C21E7021}.Release|Any CPU.Build.0 = Release|Any CPU
		{9F793823-D895-4956-9D29-0617B7F7ED58}.Debug|Any CPU.ActiveCfg = Debug|Any CPU
		{9F793823-D895-4956-9D29-0617B7F7ED58}.Debug|Any CPU.Build.0 = Debug|Any CPU
		{9F793823-D895-4956-9D29-0617B7F7ED58}.Release|Any CPU.ActiveCfg = Release|Any CPU
		{9F793823-D895-4956-9D29-0617B7F7ED58}.Release|Any CPU.Build.0 = Release|Any CPU
		{0836B0AA-AD5C-4A89-BC28-9B89FE34DD06}.Debug|Any CPU.ActiveCfg = Debug|Any CPU
		{0836B0AA-AD5C-4A89-BC28-9B89FE34DD06}.Debug|Any CPU.Build.0 = Debug|Any CPU
		{0836B0AA-AD5C-4A89-BC28-9B89FE34DD06}.Release|Any CPU.ActiveCfg = Release|Any CPU
		{0836B0AA-AD5C-4A89-BC28-9B89FE34DD06}.Release|Any CPU.Build.0 = Release|Any CPU
		{138E6411-FABD-4A6F-9EA2-BABD890DD7B2}.Debug|Any CPU.ActiveCfg = Debug|Any CPU
		{138E6411-FABD-4A6F-9EA2-BABD890DD7B2}.Debug|Any CPU.Build.0 = Debug|Any CPU
		{138E6411-FABD-4A6F-9EA2-BABD890DD7B2}.Release|Any CPU.ActiveCfg = Release|Any CPU
		{138E6411-FABD-4A6F-9EA2-BABD890DD7B2}.Release|Any CPU.Build.0 = Release|Any CPU
		{F0D3F263-68A2-44DC-9C28-C96827C6CDBB}.Debug|Any CPU.ActiveCfg = Debug|Any CPU
		{F0D3F263-68A2-44DC-9C28-C96827C6CDBB}.Debug|Any CPU.Build.0 = Debug|Any CPU
		{F0D3F263-68A2-44DC-9C28-C96827C6CDBB}.Release|Any CPU.ActiveCfg = Release|Any CPU
		{F0D3F263-68A2-44DC-9C28-C96827C6CDBB}.Release|Any CPU.Build.0 = Release|Any CPU
		{08646AE6-0A75-4969-859B-6BABBB108040}.Debug|Any CPU.ActiveCfg = Debug|Any CPU
		{08646AE6-0A75-4969-859B-6BABBB108040}.Debug|Any CPU.Build.0 = Debug|Any CPU
		{08646AE6-0A75-4969-859B-6BABBB108040}.Release|Any CPU.ActiveCfg = Release|Any CPU
		{08646AE6-0A75-4969-859B-6BABBB108040}.Release|Any CPU.Build.0 = Release|Any CPU
		{BC5A68BB-FEA8-4C4C-B237-19A4CF9C74CD}.Debug|Any CPU.ActiveCfg = Debug|Any CPU
		{BC5A68BB-FEA8-4C4C-B237-19A4CF9C74CD}.Debug|Any CPU.Build.0 = Debug|Any CPU
		{BC5A68BB-FEA8-4C4C-B237-19A4CF9C74CD}.Release|Any CPU.ActiveCfg = Release|Any CPU
		{BC5A68BB-FEA8-4C4C-B237-19A4CF9C74CD}.Release|Any CPU.Build.0 = Release|Any CPU
		{912274E6-783C-4CBD-8BE3-81C7C6FDF180}.Debug|Any CPU.ActiveCfg = Debug|Any CPU
		{912274E6-783C-4CBD-8BE3-81C7C6FDF180}.Debug|Any CPU.Build.0 = Debug|Any CPU
		{912274E6-783C-4CBD-8BE3-81C7C6FDF180}.Release|Any CPU.ActiveCfg = Release|Any CPU
		{912274E6-783C-4CBD-8BE3-81C7C6FDF180}.Release|Any CPU.Build.0 = Release|Any CPU
		{5CC3E42F-8851-4588-B2E5-1E28AA510927}.Debug|Any CPU.ActiveCfg = Debug|Any CPU
		{5CC3E42F-8851-4588-B2E5-1E28AA510927}.Debug|Any CPU.Build.0 = Debug|Any CPU
		{5CC3E42F-8851-4588-B2E5-1E28AA510927}.Release|Any CPU.ActiveCfg = Release|Any CPU
		{5CC3E42F-8851-4588-B2E5-1E28AA510927}.Release|Any CPU.Build.0 = Release|Any CPU
		{4FE1471B-F4E6-407C-9ADE-4BED4392EE44}.Debug|Any CPU.ActiveCfg = Debug|Any CPU
		{4FE1471B-F4E6-407C-9ADE-4BED4392EE44}.Debug|Any CPU.Build.0 = Debug|Any CPU
		{4FE1471B-F4E6-407C-9ADE-4BED4392EE44}.Release|Any CPU.ActiveCfg = Release|Any CPU
		{4FE1471B-F4E6-407C-9ADE-4BED4392EE44}.Release|Any CPU.Build.0 = Release|Any CPU
		{A595C92C-6A0A-4FA6-8CD4-F0B124221F74}.Debug|Any CPU.ActiveCfg = Debug|Any CPU
		{A595C92C-6A0A-4FA6-8CD4-F0B124221F74}.Debug|Any CPU.Build.0 = Debug|Any CPU
		{A595C92C-6A0A-4FA6-8CD4-F0B124221F74}.Release|Any CPU.ActiveCfg = Release|Any CPU
		{A595C92C-6A0A-4FA6-8CD4-F0B124221F74}.Release|Any CPU.Build.0 = Release|Any CPU
		{A35CF344-B30A-4544-8250-ACB602A4236E}.Debug|Any CPU.ActiveCfg = Debug|Any CPU
		{A35CF344-B30A-4544-8250-ACB602A4236E}.Debug|Any CPU.Build.0 = Debug|Any CPU
		{A35CF344-B30A-4544-8250-ACB602A4236E}.Release|Any CPU.ActiveCfg = Release|Any CPU
		{A35CF344-B30A-4544-8250-ACB602A4236E}.Release|Any CPU.Build.0 = Release|Any CPU
		{7C1A8341-42E1-43A7-B6C9-B92371ED01B6}.Debug|Any CPU.ActiveCfg = Debug|Any CPU
		{7C1A8341-42E1-43A7-B6C9-B92371ED01B6}.Debug|Any CPU.Build.0 = Debug|Any CPU
		{7C1A8341-42E1-43A7-B6C9-B92371ED01B6}.Release|Any CPU.ActiveCfg = Release|Any CPU
		{7C1A8341-42E1-43A7-B6C9-B92371ED01B6}.Release|Any CPU.Build.0 = Release|Any CPU
		{3D87A8B3-DC80-4B4E-947B-6694EDB0CCA9}.Debug|Any CPU.ActiveCfg = Debug|Any CPU
		{3D87A8B3-DC80-4B4E-947B-6694EDB0CCA9}.Debug|Any CPU.Build.0 = Debug|Any CPU
		{3D87A8B3-DC80-4B4E-947B-6694EDB0CCA9}.Release|Any CPU.ActiveCfg = Release|Any CPU
		{3D87A8B3-DC80-4B4E-947B-6694EDB0CCA9}.Release|Any CPU.Build.0 = Release|Any CPU
		{2C13E7F4-03BA-425F-ABF7-1D6158112544}.Debug|Any CPU.ActiveCfg = Debug|Any CPU
		{2C13E7F4-03BA-425F-ABF7-1D6158112544}.Debug|Any CPU.Build.0 = Debug|Any CPU
		{2C13E7F4-03BA-425F-ABF7-1D6158112544}.Release|Any CPU.ActiveCfg = Release|Any CPU
		{2C13E7F4-03BA-425F-ABF7-1D6158112544}.Release|Any CPU.Build.0 = Release|Any CPU
		{AE30A1F8-D0C9-4E4B-BF99-560EABB4872D}.Debug|Any CPU.ActiveCfg = Debug|Any CPU
		{AE30A1F8-D0C9-4E4B-BF99-560EABB4872D}.Debug|Any CPU.Build.0 = Debug|Any CPU
		{AE30A1F8-D0C9-4E4B-BF99-560EABB4872D}.Release|Any CPU.ActiveCfg = Release|Any CPU
		{AE30A1F8-D0C9-4E4B-BF99-560EABB4872D}.Release|Any CPU.Build.0 = Release|Any CPU
		{47061E8B-0D3F-45EC-8A8F-767476E89E78}.Debug|Any CPU.ActiveCfg = Debug|Any CPU
		{47061E8B-0D3F-45EC-8A8F-767476E89E78}.Debug|Any CPU.Build.0 = Debug|Any CPU
		{47061E8B-0D3F-45EC-8A8F-767476E89E78}.Release|Any CPU.ActiveCfg = Release|Any CPU
		{47061E8B-0D3F-45EC-8A8F-767476E89E78}.Release|Any CPU.Build.0 = Release|Any CPU
		{D759E57E-30AF-4A51-9EE2-EB22D1C1894C}.Debug|Any CPU.ActiveCfg = Debug|Any CPU
		{D759E57E-30AF-4A51-9EE2-EB22D1C1894C}.Debug|Any CPU.Build.0 = Debug|Any CPU
		{D759E57E-30AF-4A51-9EE2-EB22D1C1894C}.Release|Any CPU.ActiveCfg = Release|Any CPU
		{D759E57E-30AF-4A51-9EE2-EB22D1C1894C}.Release|Any CPU.Build.0 = Release|Any CPU
		{83B0350B-FDA1-4E4D-B9BF-7DC9A99478B4}.Debug|Any CPU.ActiveCfg = Debug|Any CPU
		{83B0350B-FDA1-4E4D-B9BF-7DC9A99478B4}.Debug|Any CPU.Build.0 = Debug|Any CPU
		{83B0350B-FDA1-4E4D-B9BF-7DC9A99478B4}.Release|Any CPU.ActiveCfg = Release|Any CPU
		{83B0350B-FDA1-4E4D-B9BF-7DC9A99478B4}.Release|Any CPU.Build.0 = Release|Any CPU
		{94A1450E-4BAD-41A7-8621-8130002CCF2E}.Debug|Any CPU.ActiveCfg = Debug|Any CPU
		{94A1450E-4BAD-41A7-8621-8130002CCF2E}.Debug|Any CPU.Build.0 = Debug|Any CPU
		{94A1450E-4BAD-41A7-8621-8130002CCF2E}.Release|Any CPU.ActiveCfg = Release|Any CPU
		{94A1450E-4BAD-41A7-8621-8130002CCF2E}.Release|Any CPU.Build.0 = Release|Any CPU
		{BEA33C4E-98FF-417F-920B-CAC0F0505334}.Debug|Any CPU.ActiveCfg = Debug|Any CPU
		{BEA33C4E-98FF-417F-920B-CAC0F0505334}.Debug|Any CPU.Build.0 = Debug|Any CPU
		{BEA33C4E-98FF-417F-920B-CAC0F0505334}.Release|Any CPU.ActiveCfg = Release|Any CPU
		{BEA33C4E-98FF-417F-920B-CAC0F0505334}.Release|Any CPU.Build.0 = Release|Any CPU
		{B17EE1F1-C6E1-44AE-A610-7ADA5698BC6A}.Debug|Any CPU.ActiveCfg = Debug|Any CPU
		{B17EE1F1-C6E1-44AE-A610-7ADA5698BC6A}.Debug|Any CPU.Build.0 = Debug|Any CPU
		{B17EE1F1-C6E1-44AE-A610-7ADA5698BC6A}.Release|Any CPU.ActiveCfg = Release|Any CPU
		{B17EE1F1-C6E1-44AE-A610-7ADA5698BC6A}.Release|Any CPU.Build.0 = Release|Any CPU
		{1AF45F91-1DED-4B14-9A57-61051ABD6888}.Debug|Any CPU.ActiveCfg = Debug|Any CPU
		{1AF45F91-1DED-4B14-9A57-61051ABD6888}.Debug|Any CPU.Build.0 = Debug|Any CPU
		{1AF45F91-1DED-4B14-9A57-61051ABD6888}.Release|Any CPU.ActiveCfg = Release|Any CPU
		{1AF45F91-1DED-4B14-9A57-61051ABD6888}.Release|Any CPU.Build.0 = Release|Any CPU
		{B0AD0A00-6520-4179-B4F5-32442EC9025D}.Debug|Any CPU.ActiveCfg = Debug|Any CPU
		{B0AD0A00-6520-4179-B4F5-32442EC9025D}.Debug|Any CPU.Build.0 = Debug|Any CPU
		{B0AD0A00-6520-4179-B4F5-32442EC9025D}.Release|Any CPU.ActiveCfg = Release|Any CPU
		{B0AD0A00-6520-4179-B4F5-32442EC9025D}.Release|Any CPU.Build.0 = Release|Any CPU
		{1E7CB9D5-ACBC-48E5-B6C2-2C60B8393896}.Debug|Any CPU.ActiveCfg = Debug|Any CPU
		{1E7CB9D5-ACBC-48E5-B6C2-2C60B8393896}.Debug|Any CPU.Build.0 = Debug|Any CPU
		{1E7CB9D5-ACBC-48E5-B6C2-2C60B8393896}.Release|Any CPU.ActiveCfg = Release|Any CPU
		{1E7CB9D5-ACBC-48E5-B6C2-2C60B8393896}.Release|Any CPU.Build.0 = Release|Any CPU
		{ED403CFB-8FB8-4D34-A20E-B7F45D0B8FED}.Debug|Any CPU.ActiveCfg = Debug|Any CPU
		{ED403CFB-8FB8-4D34-A20E-B7F45D0B8FED}.Debug|Any CPU.Build.0 = Debug|Any CPU
		{ED403CFB-8FB8-4D34-A20E-B7F45D0B8FED}.Release|Any CPU.ActiveCfg = Release|Any CPU
		{ED403CFB-8FB8-4D34-A20E-B7F45D0B8FED}.Release|Any CPU.Build.0 = Release|Any CPU
		{0DAE2E3E-7055-4040-A411-5FE76964550C}.Debug|Any CPU.ActiveCfg = Debug|Any CPU
		{0DAE2E3E-7055-4040-A411-5FE76964550C}.Debug|Any CPU.Build.0 = Debug|Any CPU
		{0DAE2E3E-7055-4040-A411-5FE76964550C}.Release|Any CPU.ActiveCfg = Release|Any CPU
		{0DAE2E3E-7055-4040-A411-5FE76964550C}.Release|Any CPU.Build.0 = Release|Any CPU
		{11744FCF-EE49-4443-BAFF-EADE29BFE6BD}.Debug|Any CPU.ActiveCfg = Debug|Any CPU
		{11744FCF-EE49-4443-BAFF-EADE29BFE6BD}.Debug|Any CPU.Build.0 = Debug|Any CPU
		{11744FCF-EE49-4443-BAFF-EADE29BFE6BD}.Release|Any CPU.ActiveCfg = Release|Any CPU
		{11744FCF-EE49-4443-BAFF-EADE29BFE6BD}.Release|Any CPU.Build.0 = Release|Any CPU
		{7EF84D8D-272C-489E-B667-C120C180BCFD}.Debug|Any CPU.ActiveCfg = Debug|Any CPU
		{7EF84D8D-272C-489E-B667-C120C180BCFD}.Debug|Any CPU.Build.0 = Debug|Any CPU
		{7EF84D8D-272C-489E-B667-C120C180BCFD}.Release|Any CPU.ActiveCfg = Release|Any CPU
		{7EF84D8D-272C-489E-B667-C120C180BCFD}.Release|Any CPU.Build.0 = Release|Any CPU
		{9B311099-32E6-4117-831D-5E6CA056F702}.Debug|Any CPU.ActiveCfg = Debug|Any CPU
		{9B311099-32E6-4117-831D-5E6CA056F702}.Debug|Any CPU.Build.0 = Debug|Any CPU
		{9B311099-32E6-4117-831D-5E6CA056F702}.Release|Any CPU.ActiveCfg = Release|Any CPU
		{9B311099-32E6-4117-831D-5E6CA056F702}.Release|Any CPU.Build.0 = Release|Any CPU
		{1DE5E05B-4EA3-4A4B-AB86-C222721B3008}.Debug|Any CPU.ActiveCfg = Debug|Any CPU
		{1DE5E05B-4EA3-4A4B-AB86-C222721B3008}.Debug|Any CPU.Build.0 = Debug|Any CPU
		{1DE5E05B-4EA3-4A4B-AB86-C222721B3008}.Release|Any CPU.ActiveCfg = Release|Any CPU
		{1DE5E05B-4EA3-4A4B-AB86-C222721B3008}.Release|Any CPU.Build.0 = Release|Any CPU
		{735CDF68-1CDC-40D6-9C4B-4D88917696D3}.Debug|Any CPU.ActiveCfg = Debug|Any CPU
		{735CDF68-1CDC-40D6-9C4B-4D88917696D3}.Debug|Any CPU.Build.0 = Debug|Any CPU
		{735CDF68-1CDC-40D6-9C4B-4D88917696D3}.Release|Any CPU.ActiveCfg = Release|Any CPU
		{735CDF68-1CDC-40D6-9C4B-4D88917696D3}.Release|Any CPU.Build.0 = Release|Any CPU
		{CFB37590-60A0-4DD5-BE62-07E0F78D6116}.Debug|Any CPU.ActiveCfg = Debug|Any CPU
		{CFB37590-60A0-4DD5-BE62-07E0F78D6116}.Debug|Any CPU.Build.0 = Debug|Any CPU
		{CFB37590-60A0-4DD5-BE62-07E0F78D6116}.Release|Any CPU.ActiveCfg = Release|Any CPU
		{CFB37590-60A0-4DD5-BE62-07E0F78D6116}.Release|Any CPU.Build.0 = Release|Any CPU
		{F7953726-8B26-4B9E-A9D0-14C9FAAFE502}.Debug|Any CPU.ActiveCfg = Debug|Any CPU
		{F7953726-8B26-4B9E-A9D0-14C9FAAFE502}.Debug|Any CPU.Build.0 = Debug|Any CPU
		{F7953726-8B26-4B9E-A9D0-14C9FAAFE502}.Release|Any CPU.ActiveCfg = Release|Any CPU
		{F7953726-8B26-4B9E-A9D0-14C9FAAFE502}.Release|Any CPU.Build.0 = Release|Any CPU
		{C3E020A1-15B5-4C1A-ACA0-A7235A08A664}.Debug|Any CPU.ActiveCfg = Debug|Any CPU
		{C3E020A1-15B5-4C1A-ACA0-A7235A08A664}.Debug|Any CPU.Build.0 = Debug|Any CPU
		{C3E020A1-15B5-4C1A-ACA0-A7235A08A664}.Release|Any CPU.ActiveCfg = Release|Any CPU
		{C3E020A1-15B5-4C1A-ACA0-A7235A08A664}.Release|Any CPU.Build.0 = Release|Any CPU
		{E2DA7078-5765-4D38-ABE5-73116786251A}.Debug|Any CPU.ActiveCfg = Debug|Any CPU
		{E2DA7078-5765-4D38-ABE5-73116786251A}.Debug|Any CPU.Build.0 = Debug|Any CPU
		{E2DA7078-5765-4D38-ABE5-73116786251A}.Release|Any CPU.ActiveCfg = Release|Any CPU
		{E2DA7078-5765-4D38-ABE5-73116786251A}.Release|Any CPU.Build.0 = Release|Any CPU
		{D9C10E7C-4656-4AF1-BD72-A3E5339C89FF}.Debug|Any CPU.ActiveCfg = Debug|Any CPU
		{D9C10E7C-4656-4AF1-BD72-A3E5339C89FF}.Debug|Any CPU.Build.0 = Debug|Any CPU
		{D9C10E7C-4656-4AF1-BD72-A3E5339C89FF}.Release|Any CPU.ActiveCfg = Release|Any CPU
		{D9C10E7C-4656-4AF1-BD72-A3E5339C89FF}.Release|Any CPU.Build.0 = Release|Any CPU
		{EA3E3A1F-6152-4510-AD7D-02A210028754}.Debug|Any CPU.ActiveCfg = Debug|Any CPU
		{EA3E3A1F-6152-4510-AD7D-02A210028754}.Debug|Any CPU.Build.0 = Debug|Any CPU
		{EA3E3A1F-6152-4510-AD7D-02A210028754}.Release|Any CPU.ActiveCfg = Release|Any CPU
		{EA3E3A1F-6152-4510-AD7D-02A210028754}.Release|Any CPU.Build.0 = Release|Any CPU
		{C5100019-351D-4301-ADB0-FBD98553FAC1}.Debug|Any CPU.ActiveCfg = Debug|Any CPU
		{C5100019-351D-4301-ADB0-FBD98553FAC1}.Debug|Any CPU.Build.0 = Debug|Any CPU
		{C5100019-351D-4301-ADB0-FBD98553FAC1}.Release|Any CPU.ActiveCfg = Release|Any CPU
		{C5100019-351D-4301-ADB0-FBD98553FAC1}.Release|Any CPU.Build.0 = Release|Any CPU
		{45E33A9D-610F-45AC-A243-B882376B5303}.Debug|Any CPU.ActiveCfg = Debug|Any CPU
		{45E33A9D-610F-45AC-A243-B882376B5303}.Debug|Any CPU.Build.0 = Debug|Any CPU
		{45E33A9D-610F-45AC-A243-B882376B5303}.Release|Any CPU.ActiveCfg = Release|Any CPU
		{45E33A9D-610F-45AC-A243-B882376B5303}.Release|Any CPU.Build.0 = Release|Any CPU
		{6B2938D5-ED13-417E-B400-FA7BE49469D2}.Debug|Any CPU.ActiveCfg = Debug|Any CPU
		{6B2938D5-ED13-417E-B400-FA7BE49469D2}.Debug|Any CPU.Build.0 = Debug|Any CPU
		{6B2938D5-ED13-417E-B400-FA7BE49469D2}.Release|Any CPU.ActiveCfg = Release|Any CPU
		{6B2938D5-ED13-417E-B400-FA7BE49469D2}.Release|Any CPU.Build.0 = Release|Any CPU
		{B6611516-458B-4192-B302-C8EB2BF52933}.Debug|Any CPU.ActiveCfg = Debug|Any CPU
		{B6611516-458B-4192-B302-C8EB2BF52933}.Debug|Any CPU.Build.0 = Debug|Any CPU
		{B6611516-458B-4192-B302-C8EB2BF52933}.Release|Any CPU.ActiveCfg = Release|Any CPU
		{B6611516-458B-4192-B302-C8EB2BF52933}.Release|Any CPU.Build.0 = Release|Any CPU
		{8609C1E0-0A32-41EF-8692-092E2D1E7B4B}.Debug|Any CPU.ActiveCfg = Debug|Any CPU
		{8609C1E0-0A32-41EF-8692-092E2D1E7B4B}.Debug|Any CPU.Build.0 = Debug|Any CPU
		{8609C1E0-0A32-41EF-8692-092E2D1E7B4B}.Release|Any CPU.ActiveCfg = Release|Any CPU
		{8609C1E0-0A32-41EF-8692-092E2D1E7B4B}.Release|Any CPU.Build.0 = Release|Any CPU
		{B4BBFE44-51E0-4916-A504-B486C90AB542}.Debug|Any CPU.ActiveCfg = Debug|Any CPU
		{B4BBFE44-51E0-4916-A504-B486C90AB542}.Debug|Any CPU.Build.0 = Debug|Any CPU
		{B4BBFE44-51E0-4916-A504-B486C90AB542}.Release|Any CPU.ActiveCfg = Release|Any CPU
		{B4BBFE44-51E0-4916-A504-B486C90AB542}.Release|Any CPU.Build.0 = Release|Any CPU
		{3FA0FA42-A961-49DC-9B81-66B53909E634}.Debug|Any CPU.ActiveCfg = Debug|Any CPU
		{3FA0FA42-A961-49DC-9B81-66B53909E634}.Debug|Any CPU.Build.0 = Debug|Any CPU
		{3FA0FA42-A961-49DC-9B81-66B53909E634}.Release|Any CPU.ActiveCfg = Release|Any CPU
		{3FA0FA42-A961-49DC-9B81-66B53909E634}.Release|Any CPU.Build.0 = Release|Any CPU
		{12F6BCDF-CF18-4879-88D3-45E701284263}.Debug|Any CPU.ActiveCfg = Debug|Any CPU
		{12F6BCDF-CF18-4879-88D3-45E701284263}.Debug|Any CPU.Build.0 = Debug|Any CPU
		{12F6BCDF-CF18-4879-88D3-45E701284263}.Release|Any CPU.ActiveCfg = Release|Any CPU
		{12F6BCDF-CF18-4879-88D3-45E701284263}.Release|Any CPU.Build.0 = Release|Any CPU
		{08DFB999-E0A1-4086-94A1-5003BC9FC1EA}.Debug|Any CPU.ActiveCfg = Debug|Any CPU
		{08DFB999-E0A1-4086-94A1-5003BC9FC1EA}.Debug|Any CPU.Build.0 = Debug|Any CPU
		{08DFB999-E0A1-4086-94A1-5003BC9FC1EA}.Release|Any CPU.ActiveCfg = Release|Any CPU
		{08DFB999-E0A1-4086-94A1-5003BC9FC1EA}.Release|Any CPU.Build.0 = Release|Any CPU
		{317FF3F9-AFB7-4C0E-9671-1BF654992648}.Debug|Any CPU.ActiveCfg = Debug|Any CPU
		{317FF3F9-AFB7-4C0E-9671-1BF654992648}.Debug|Any CPU.Build.0 = Debug|Any CPU
		{317FF3F9-AFB7-4C0E-9671-1BF654992648}.Release|Any CPU.ActiveCfg = Release|Any CPU
		{317FF3F9-AFB7-4C0E-9671-1BF654992648}.Release|Any CPU.Build.0 = Release|Any CPU
		{0B484588-6695-423D-BE13-414C29FE675B}.Debug|Any CPU.ActiveCfg = Debug|Any CPU
		{0B484588-6695-423D-BE13-414C29FE675B}.Debug|Any CPU.Build.0 = Debug|Any CPU
		{0B484588-6695-423D-BE13-414C29FE675B}.Release|Any CPU.ActiveCfg = Release|Any CPU
		{0B484588-6695-423D-BE13-414C29FE675B}.Release|Any CPU.Build.0 = Release|Any CPU
	EndGlobalSection
	GlobalSection(SolutionProperties) = preSolution
		HideSolutionNode = FALSE
	EndGlobalSection
	GlobalSection(ExtensibilityGlobals) = postSolution
		SolutionGuid = {68B8436A-C974-41BD-85DB-30E72DE32425}
	EndGlobalSection
EndGlobal
